lockfileVersion: 5.4

specifiers:
  '@vitejs/plugin-vue': ^3.1.0
  better-scroll: ^2.4.2
  element-plus: ^2.2.18
  sass: ^1.55.0
  socket.io-client: ^4.5.2
  vite: ^3.1.0
  vue: ^3.2.37

dependencies:
  better-scroll: 2.4.2
  element-plus: 2.2.18_vue@3.2.41
  sass: 1.55.0
  socket.io-client: 4.5.2
  vue: 3.2.41

devDependencies:
  '@vitejs/plugin-vue': 3.1.2_vite@3.1.8+vue@3.2.41
  vite: 3.1.8_sass@1.55.0

packages:

  /@babel/helper-string-parser/7.19.4:
    resolution: {integrity: sha512-nHtDoQcuqFmwYNYPz3Rah5ph2p8PFeFCsZk9A/48dPc/rGocJ5J3hAAZ7pb76VWX3fZKu+uEr/FhH5jLx7umrw==}
    engines: {node: '>=6.9.0'}

  /@babel/helper-validator-identifier/7.19.1:
    resolution: {integrity: sha512-awrNfaMtnHUr653GgGEs++LlAvW6w+DcPrOliSMXWCKo597CwL5Acf/wWdNkf/tfEQE3mjkeD1YOVZOUV/od1w==}
    engines: {node: '>=6.9.0'}

  /@babel/parser/7.19.4:
    resolution: {integrity: sha512-qpVT7gtuOLjWeDTKLkJ6sryqLliBaFpAtGeqw5cs5giLldvh+Ch0plqnUMKoVAUS6ZEueQQiZV+p5pxtPitEsA==}
    engines: {node: '>=6.0.0'}
    hasBin: true
    dependencies:
      '@babel/types': 7.19.4

  /@babel/types/7.19.4:
    resolution: {integrity: sha512-M5LK7nAeS6+9j7hAq+b3fQs+pNfUtTGq+yFFfHnauFA8zQtLRfmuipmsKDKKLuyG+wC8ABW43A153YNawNTEtw==}
    engines: {node: '>=6.9.0'}
    dependencies:
      '@babel/helper-string-parser': 7.19.4
      '@babel/helper-validator-identifier': 7.19.1
      to-fast-properties: 2.0.0

  /@better-scroll/core/2.5.0:
    resolution: {integrity: sha512-+3aKf8T3kUl4Gj1M7NKV3fNFhsrBpTWwHoDClkXVmQ8S3TxMMHf6Kyw6l1zKsg4r+9ukW5lDDkyif7/gY76qXQ==}
    dependencies:
      '@better-scroll/shared-utils': 2.5.0
    dev: false

  /@better-scroll/indicators/2.4.2:
    resolution: {integrity: sha512-dScI0HIt06L1thLO+1W7w1enqRtegWF1izKYhswiyTXLgagLh2QbAi+oexNiPSOGBuNz8w1mO7hZvVJez/ZFkw==}
    dependencies:
      '@better-scroll/core': 2.5.0
    dev: false

  /@better-scroll/infinity/2.4.2:
    resolution: {integrity: sha512-KGpCWLTyMzcGBT59c3N/JaVauLmi0jG2YZApdnqON+Oz4AJiHnzGkzWc4EJxcxR3Vy+m5Jp91y6xrpsvRmOdIg==}
    dependencies:
      '@better-scroll/core': 2.5.0
    dev: false

  /@better-scroll/mouse-wheel/2.5.0:
    resolution: {integrity: sha512-ZQLAinumoBlW+EO30bKWUcBhlhNh9fI9/8Q6KbIp4vkuUfAYzZPtaVjzFSTtbo5XTTqraH184jtUf3wY0zFNrA==}
    dependencies:
      '@better-scroll/core': 2.5.0
    dev: false

  /@better-scroll/movable/2.5.0:
    resolution: {integrity: sha512-zwOZnAEOGUvbM/01OFXwsOluPt7hhKiSPQUXl9XDAO4d6lTWpNak4mrcb3p0rPdX6TX6TbgglzPuQVvi4WXSlQ==}
    dependencies:
      '@better-scroll/core': 2.5.0
    dev: false

  /@better-scroll/nested-scroll/2.4.2:
    resolution: {integrity: sha512-JnC2sqtDqVkj9F5J39u52b6qDsMqXbnURG67dHf97tYoYP2dluwjkvhhxjSFrghREoQzT/KWcDbkfcGy47lQwQ==}
    dependencies:
      '@better-scroll/core': 2.5.0
    dev: false

  /@better-scroll/observe-dom/2.5.0:
    resolution: {integrity: sha512-E7wZooGYN9BKcJ+/Tto+GnDN5KNoXlnnde/0Vs9MuQqvI73neFpIcHD3MvX99DaGCpV3cOQlmCw0dmL9q+jEow==}
    dependencies:
      '@better-scroll/core': 2.5.0
    dev: false

  /@better-scroll/observe-image/2.4.2:
    resolution: {integrity: sha512-ToYVf5vn0cio5B9uaL5NyvFX3JNU6L0Po20Lw7uxa0+FE+kMvSAMJN+9POg6G+cfIqI8GVHhyyR+4Ev8v2Nl5Q==}
    dependencies:
      '@better-scroll/core': 2.5.0
    dev: false

  /@better-scroll/pull-down/2.4.2:
    resolution: {integrity: sha512-bqMLk33o4oesTXIIOteBKHQgfVKjIVvity39TM/MfzkbY1WDBxD+HFS7ySgoqw7Kl2Wiv/U76Wfqzmm6yDdg7Q==}
    dependencies:
      '@better-scroll/core': 2.5.0
    dev: false

  /@better-scroll/pull-up/2.5.0:
    resolution: {integrity: sha512-vBsAiv8nBaSDN+kYWF2IGknNmypr5J8EyT7n+jHVuo3r1MGvFOlgBmF10z9jArj0yntqyGcx7RMVdwtmxOP+Sg==}
    dependencies:
      '@better-scroll/core': 2.5.0
    dev: false

  /@better-scroll/scroll-bar/2.5.0:
    resolution: {integrity: sha512-eHfVy6mr0Pj1wwmsdHeRgHssxTSOtdytNbAmFq37tvB0StKtPwgm9OFce8cDNM1XpmBfSH/R99PhKW7Qvid5RQ==}
    dependencies:
      '@better-scroll/core': 2.5.0
    dev: false

  /@better-scroll/shared-utils/2.5.0:
    resolution: {integrity: sha512-5bfR/cwzIFtgWAU5E0CPKcOUvyd7KcgDZyAbOJQT6qqJeUBmTpG4Z8R7qO8uvqdZ0yIXxRPOu4te2Qt6ihGhkQ==}
    dev: false

  /@better-scroll/slide/2.4.2:
    resolution: {integrity: sha512-VfdFHm/meo4nEyfx0JLn8rUHfQdQCnoBHs/BsV+vmjVivKg+cVgfS+QaytrIulWKqNAWNlfXbAaNtZMv8gNKZg==}
    dependencies:
      '@better-scroll/core': 2.5.0
    dev: false

  /@better-scroll/wheel/2.4.2:
    resolution: {integrity: sha512-oJw68glWbrYBbRK8RJnKo3Fw9bU7Cd4zDbBHbKZ062/YJAJUZW9wF/3Lout4PnolkjuJIp2TZiEgJNtuRd+Njg==}
    dependencies:
      '@better-scroll/core': 2.5.0
    dev: false

  /@better-scroll/zoom/2.4.2:
    resolution: {integrity: sha512-rN/BTE3lf2sNNvKowGL/tUKZ/BgdZcZa0pjE/rVW0tBL/7x68cBowWQD5HF2Z2Bge8OPXRjkwN/xN1aFYhEtWA==}
    dependencies:
      '@better-scroll/core': 2.5.0
    dev: false

  /@ctrl/tinycolor/3.4.1:
    resolution: {integrity: sha512-ej5oVy6lykXsvieQtqZxCOaLT+xD4+QNarq78cIYISHmZXshCvROLudpQN3lfL8G0NL7plMSSK+zlyvCaIJ4Iw==}
    engines: {node: '>=10'}
    dev: false

  /@element-plus/icons-vue/2.0.10_vue@3.2.41:
    resolution: {integrity: sha512-ygEZ1mwPjcPo/OulhzLE7mtDrQBWI8vZzEWSNB2W/RNCRjoQGwbaK4N8lV4rid7Ts4qvySU3njMN7YCiSlSaTQ==}
    peerDependencies:
      vue: ^3.2.0
    dependencies:
      vue: 3.2.41
    dev: false

  /@esbuild/android-arm/0.15.10:
    resolution: {integrity: sha512-FNONeQPy/ox+5NBkcSbYJxoXj9GWu8gVGJTVmUyoOCKQFDTrHVKgNSzChdNt0I8Aj/iKcsDf2r9BFwv+FSNUXg==}
    engines: {node: '>=12'}
    cpu: [arm]
    os: [android]
    requiresBuild: true
    dev: true
    optional: true

  /@esbuild/linux-loong64/0.15.10:
    resolution: {integrity: sha512-w0Ou3Z83LOYEkwaui2M8VwIp+nLi/NA60lBLMvaJ+vXVMcsARYdEzLNE7RSm4+lSg4zq4d7fAVuzk7PNQ5JFgg==}
    engines: {node: '>=12'}
    cpu: [loong64]
    os: [linux]
    requiresBuild: true
    dev: true
    optional: true

  /@floating-ui/core/1.0.1:
    resolution: {integrity: sha512-bO37brCPfteXQfFY0DyNDGB3+IMe4j150KFQcgJ5aBP295p9nBGeHEs/p0czrRbtlHq4Px/yoPXO/+dOCcF4uA==}
    dev: false

  /@floating-ui/dom/1.0.2:
    resolution: {integrity: sha512-5X9WSvZ8/fjy3gDu8yx9HAA4KG1lazUN2P4/VnaXLxTO9Dz53HI1oYoh1OlhqFNlHgGDiwFX5WhFCc2ljbW3yA==}
    dependencies:
      '@floating-ui/core': 1.0.1
    dev: false

  /@socket.io/component-emitter/3.1.0:
    resolution: {integrity: sha512-+9jVqKhRSpsc591z5vX+X5Yyw+he/HCB4iQ/RYxw35CEPaY1gnsNE43nf9n9AaYjAQrTiI/mOwKUKdUs9vf7Xg==}
    dev: false

  /@sxzz/popperjs-es/2.11.7:
    resolution: {integrity: sha512-Ccy0NlLkzr0Ex2FKvh2X+OyERHXJ88XJ1MXtsI9y9fGexlaXaVTPzBCRBwIxFkORuOb+uBqeu+RqnpgYTEZRUQ==}
    dev: false

  /@types/lodash-es/4.17.6:
    resolution: {integrity: sha512-R+zTeVUKDdfoRxpAryaQNRKk3105Rrgx2CFRClIgRGaqDTdjsm8h6IYA8ir584W3ePzkZfst5xIgDwYrlh9HLg==}
    dependencies:
      '@types/lodash': 4.14.186
    dev: false

  /@types/lodash/4.14.186:
    resolution: {integrity: sha512-eHcVlLXP0c2FlMPm56ITode2AgLMSa6aJ05JTTbYbI+7EMkCEE5qk2E41d5g2lCVTqRe0GnnRFurmlCsDODrPw==}
    dev: false

  /@types/web-bluetooth/0.0.15:
    resolution: {integrity: sha512-w7hEHXnPMEZ+4nGKl/KDRVpxkwYxYExuHOYXyzIzCDzEZ9ZCGMAewulr9IqJu2LR4N37fcnb1XVeuZ09qgOxhA==}
    dev: false

  /@vitejs/plugin-vue/3.1.2_vite@3.1.8+vue@3.2.41:
    resolution: {integrity: sha512-3zxKNlvA3oNaKDYX0NBclgxTQ1xaFdL7PzwF6zj9tGFziKwmBa3Q/6XcJQxudlT81WxDjEhHmevvIC4Orc1LhQ==}
    engines: {node: ^14.18.0 || >=16.0.0}
    peerDependencies:
      vite: ^3.0.0
      vue: ^3.2.25
    dependencies:
      vite: 3.1.8_sass@1.55.0
      vue: 3.2.41
    dev: true

  /@vue/compiler-core/3.2.41:
    resolution: {integrity: sha512-oA4mH6SA78DT+96/nsi4p9DX97PHcNROxs51lYk7gb9Z4BPKQ3Mh+BLn6CQZBw857Iuhu28BfMSRHAlPvD4vlw==}
    dependencies:
      '@babel/parser': 7.19.4
      '@vue/shared': 3.2.41
      estree-walker: 2.0.2
      source-map: 0.6.1

  /@vue/compiler-dom/3.2.41:
    resolution: {integrity: sha512-xe5TbbIsonjENxJsYRbDJvthzqxLNk+tb3d/c47zgREDa/PCp6/Y4gC/skM4H6PIuX5DAxm7fFJdbjjUH2QTMw==}
    dependencies:
      '@vue/compiler-core': 3.2.41
      '@vue/shared': 3.2.41

  /@vue/compiler-sfc/3.2.41:
    resolution: {integrity: sha512-+1P2m5kxOeaxVmJNXnBskAn3BenbTmbxBxWOtBq3mQTCokIreuMULFantBUclP0+KnzNCMOvcnKinqQZmiOF8w==}
    dependencies:
      '@babel/parser': 7.19.4
      '@vue/compiler-core': 3.2.41
      '@vue/compiler-dom': 3.2.41
      '@vue/compiler-ssr': 3.2.41
      '@vue/reactivity-transform': 3.2.41
      '@vue/shared': 3.2.41
      estree-walker: 2.0.2
      magic-string: 0.25.9
      postcss: 8.4.18
      source-map: 0.6.1

  /@vue/compiler-ssr/3.2.41:
    resolution: {integrity: sha512-Y5wPiNIiaMz/sps8+DmhaKfDm1xgj6GrH99z4gq2LQenfVQcYXmHIOBcs5qPwl7jaW3SUQWjkAPKMfQemEQZwQ==}
    dependencies:
      '@vue/compiler-dom': 3.2.41
      '@vue/shared': 3.2.41

  /@vue/reactivity-transform/3.2.41:
    resolution: {integrity: sha512-mK5+BNMsL4hHi+IR3Ft/ho6Za+L3FA5j8WvreJ7XzHrqkPq8jtF/SMo7tuc9gHjLDwKZX1nP1JQOKo9IEAn54A==}
    dependencies:
      '@babel/parser': 7.19.4
      '@vue/compiler-core': 3.2.41
      '@vue/shared': 3.2.41
      estree-walker: 2.0.2
      magic-string: 0.25.9

  /@vue/reactivity/3.2.41:
    resolution: {integrity: sha512-9JvCnlj8uc5xRiQGZ28MKGjuCoPhhTwcoAdv3o31+cfGgonwdPNuvqAXLhlzu4zwqavFEG5tvaoINQEfxz+l6g==}
    dependencies:
      '@vue/shared': 3.2.41

  /@vue/runtime-core/3.2.41:
    resolution: {integrity: sha512-0LBBRwqnI0p4FgIkO9q2aJBBTKDSjzhnxrxHYengkAF6dMOjeAIZFDADAlcf2h3GDALWnblbeprYYpItiulSVQ==}
    dependencies:
      '@vue/reactivity': 3.2.41
      '@vue/shared': 3.2.41

  /@vue/runtime-dom/3.2.41:
    resolution: {integrity: sha512-U7zYuR1NVIP8BL6jmOqmapRAHovEFp7CSw4pR2FacqewXNGqZaRfHoNLQsqQvVQ8yuZNZtxSZy0FFyC70YXPpA==}
    dependencies:
      '@vue/runtime-core': 3.2.41
      '@vue/shared': 3.2.41
      csstype: 2.6.21

  /@vue/server-renderer/3.2.41_vue@3.2.41:
    resolution: {integrity: sha512-7YHLkfJdTlsZTV0ae5sPwl9Gn/EGr2hrlbcS/8naXm2CDpnKUwC68i1wGlrYAfIgYWL7vUZwk2GkYLQH5CvFig==}
    peerDependencies:
      vue: 3.2.41
    dependencies:
      '@vue/compiler-ssr': 3.2.41
      '@vue/shared': 3.2.41
      vue: 3.2.41

  /@vue/shared/3.2.41:
    resolution: {integrity: sha512-W9mfWLHmJhkfAmV+7gDjcHeAWALQtgGT3JErxULl0oz6R6+3ug91I7IErs93eCFhPCZPHBs4QJS7YWEV7A3sxw==}

  /@vueuse/core/9.3.0_vue@3.2.41:
    resolution: {integrity: sha512-64Rna8IQDWpdrJxgitDg7yv1yTp41ZmvV8zlLEylK4QQLWAhz1OFGZDPZ8bU4lwcGgbEJ2sGi2jrdNh4LttUSQ==}
    dependencies:
      '@types/web-bluetooth': 0.0.15
      '@vueuse/metadata': 9.3.0
      '@vueuse/shared': 9.3.0_vue@3.2.41
      vue-demi: 0.13.11_vue@3.2.41
    transitivePeerDependencies:
      - '@vue/composition-api'
      - vue
    dev: false

  /@vueuse/metadata/9.3.0:
    resolution: {integrity: sha512-GnnfjbzIPJIh9ngL9s9oGU1+Hx/h5/KFqTfJykzh/1xjaHkedV9g0MASpdmPZIP+ynNhKAcEfA6g5i8KXwtoMA==}
    dev: false

  /@vueuse/shared/9.3.0_vue@3.2.41:
    resolution: {integrity: sha512-caGUWLY0DpPC6l31KxeUy6vPVNA0yKxx81jFYLoMpyP6cF84FG5Dkf69DfSUqL57wX8JcUkJDMnQaQIZPWFEQQ==}
    dependencies:
      vue-demi: 0.13.11_vue@3.2.41
    transitivePeerDependencies:
      - '@vue/composition-api'
      - vue
    dev: false

  /anymatch/3.1.2:
    resolution: {integrity: sha512-P43ePfOAIupkguHUycrc4qJ9kz8ZiuOUijaETwX7THt0Y/GNK7v0aa8rY816xWjZ7rJdA5XdMcpVFTKMq+RvWg==}
    engines: {node: '>= 8'}
    dependencies:
      normalize-path: 3.0.0
      picomatch: 2.3.1

  /async-validator/4.2.5:
    resolution: {integrity: sha512-7HhHjtERjqlNbZtqNqy2rckN/SpOOlmDliet+lP7k+eKZEjPk3DgyeU9lIXLdeLz0uBbbVp+9Qdow9wJWgwwfg==}
    dev: false

  /better-scroll/2.4.2:
    resolution: {integrity: sha512-I/JzJNUay2vMAkczBa/4x52QBdUGA3Bs/QtrKrxVjSbBHUMG6yR14srQr4aCAWlIra1FBmuddwGRfI6zRagI9Q==}
    dependencies:
      '@better-scroll/core': 2.5.0
      '@better-scroll/indicators': 2.4.2
      '@better-scroll/infinity': 2.4.2
      '@better-scroll/mouse-wheel': 2.5.0
      '@better-scroll/movable': 2.5.0
      '@better-scroll/nested-scroll': 2.4.2
      '@better-scroll/observe-dom': 2.5.0
      '@better-scroll/observe-image': 2.4.2
      '@better-scroll/pull-down': 2.4.2
      '@better-scroll/pull-up': 2.5.0
      '@better-scroll/scroll-bar': 2.5.0
      '@better-scroll/slide': 2.4.2
      '@better-scroll/wheel': 2.4.2
      '@better-scroll/zoom': 2.4.2
    dev: false

  /binary-extensions/2.2.0:
    resolution: {integrity: sha512-jDctJ/IVQbZoJykoeHbhXpOlNBqGNcwXJKJog42E5HDPUwQTSdjCHdihjj0DlnheQ7blbT6dHOafNAiS8ooQKA==}
    engines: {node: '>=8'}

  /braces/3.0.2:
    resolution: {integrity: sha512-b8um+L1RzM3WDSzvhm6gIz1yfTbBt6YTlcEKAvsmqCZZFw46z626lVj9j1yEPW33H5H+lBQpZMP1k8l+78Ha0A==}
    engines: {node: '>=8'}
    dependencies:
      fill-range: 7.0.1

  /chokidar/3.5.3:
    resolution: {integrity: sha512-Dr3sfKRP6oTcjf2JmUmFJfeVMvXBdegxB0iVQ5eb2V10uFJUCAS8OByZdVAyVb8xXNz3GjjTgj9kLWsZTqE6kw==}
    engines: {node: '>= 8.10.0'}
    dependencies:
      anymatch: 3.1.2
      braces: 3.0.2
      glob-parent: 5.1.2
      is-binary-path: 2.1.0
      is-glob: 4.0.3
      normalize-path: 3.0.0
      readdirp: 3.6.0
    optionalDependencies:
      fsevents: 2.3.2

  /csstype/2.6.21:
    resolution: {integrity: sha512-Z1PhmomIfypOpoMjRQB70jfvy/wxT50qW08YXO5lMIJkrdq4yOTR+AW7FqutScmB9NkLwxo+jU+kZLbofZZq/w==}

  /dayjs/1.11.5:
    resolution: {integrity: sha512-CAdX5Q3YW3Gclyo5Vpqkgpj8fSdLQcRuzfX6mC6Phy0nfJ0eGYOeS7m4mt2plDWLAtA4TqTakvbboHvUxfe4iA==}
    dev: false

  /debug/4.3.4:
    resolution: {integrity: sha512-PRWFHuSU3eDtQJPvnNY7Jcket1j0t5OuOsFzPPzsekD52Zl8qUfFIPEiswXqIvHWGVHOgX+7G/vCNNhehwxfkQ==}
    engines: {node: '>=6.0'}
    peerDependencies:
      supports-color: '*'
    peerDependenciesMeta:
      supports-color:
        optional: true
    dependencies:
      ms: 2.1.2
    dev: false

  /element-plus/2.2.18_vue@3.2.41:
    resolution: {integrity: sha512-2pK2zmVOwP14eFl3rGoR+3BWJwDyO+DZCvzjQ8L6qjUR+hVKwFhgxIcSkKJatbcHFw5Xui6UyN20jV+gQP7mLg==}
    peerDependencies:
      vue: ^3.2.0
    dependencies:
      '@ctrl/tinycolor': 3.4.1
      '@element-plus/icons-vue': 2.0.10_vue@3.2.41
      '@floating-ui/dom': 1.0.2
      '@popperjs/core': /@sxzz/popperjs-es/2.11.7
      '@types/lodash': 4.14.186
      '@types/lodash-es': 4.17.6
      '@vueuse/core': 9.3.0_vue@3.2.41
      async-validator: 4.2.5
      dayjs: 1.11.5
      escape-html: 1.0.3
      lodash: 4.17.21
      lodash-es: 4.17.21
      lodash-unified: 1.0.2_3ib2ivapxullxkx3xftsimdk7u
      memoize-one: 6.0.0
      normalize-wheel-es: 1.2.0
      vue: 3.2.41
    transitivePeerDependencies:
      - '@vue/composition-api'
    dev: false

  /engine.io-client/6.2.3:
    resolution: {integrity: sha512-aXPtgF1JS3RuuKcpSrBtimSjYvrbhKW9froICH4s0F3XQWLxsKNxqzG39nnvQZQnva4CMvUK63T7shevxRyYHw==}
    dependencies:
      '@socket.io/component-emitter': 3.1.0
      debug: 4.3.4
      engine.io-parser: 5.0.4
      ws: 8.2.3
      xmlhttprequest-ssl: 2.0.0
    transitivePeerDependencies:
      - bufferutil
      - supports-color
      - utf-8-validate
    dev: false

  /engine.io-parser/5.0.4:
    resolution: {integrity: sha512-+nVFp+5z1E3HcToEnO7ZIj3g+3k9389DvWtvJZz0T6/eOCPIyyxehFcedoYrZQrp0LgQbD9pPXhpMBKMd5QURg==}
    engines: {node: '>=10.0.0'}
    dev: false

  /esbuild-android-64/0.15.10:
    resolution: {integrity: sha512-UI7krF8OYO1N7JYTgLT9ML5j4+45ra3amLZKx7LO3lmLt1Ibn8t3aZbX5Pu4BjWiqDuJ3m/hsvhPhK/5Y/YpnA==}
    engines: {node: '>=12'}
    cpu: [x64]
    os: [android]
    requiresBuild: true
    dev: true
    optional: true

  /esbuild-android-arm64/0.15.10:
    resolution: {integrity: sha512-EOt55D6xBk5O05AK8brXUbZmoFj4chM8u3riGflLa6ziEoVvNjRdD7Cnp82NHQGfSHgYR06XsPI8/sMuA/cUwg==}
    engines: {node: '>=12'}
    cpu: [arm64]
    os: [android]
    requiresBuild: true
    dev: true
    optional: true

  /esbuild-darwin-64/0.15.10:
    resolution: {integrity: sha512-hbDJugTicqIm+WKZgp208d7FcXcaK8j2c0l+fqSJ3d2AzQAfjEYDRM3Z2oMeqSJ9uFxyj/muSACLdix7oTstRA==}
    engines: {node: '>=12'}
    cpu: [x64]
    os: [darwin]
    requiresBuild: true
    dev: true
    optional: true

  /esbuild-darwin-arm64/0.15.10:
    resolution: {integrity: sha512-M1t5+Kj4IgSbYmunf2BB6EKLkWUq+XlqaFRiGOk8bmBapu9bCDrxjf4kUnWn59Dka3I27EiuHBKd1rSO4osLFQ==}
    engines: {node: '>=12'}
    cpu: [arm64]
    os: [darwin]
    requiresBuild: true
    dev: true
    optional: true

  /esbuild-freebsd-64/0.15.10:
    resolution: {integrity: sha512-KMBFMa7C8oc97nqDdoZwtDBX7gfpolkk6Bcmj6YFMrtCMVgoU/x2DI1p74DmYl7CSS6Ppa3xgemrLrr5IjIn0w==}
    engines: {node: '>=12'}
    cpu: [x64]
    os: [freebsd]
    requiresBuild: true
    dev: true
    optional: true

  /esbuild-freebsd-arm64/0.15.10:
    resolution: {integrity: sha512-m2KNbuCX13yQqLlbSojFMHpewbn8wW5uDS6DxRpmaZKzyq8Dbsku6hHvh2U+BcLwWY4mpgXzFUoENEf7IcioGg==}
    engines: {node: '>=12'}
    cpu: [arm64]
    os: [freebsd]
    requiresBuild: true
    dev: true
    optional: true

  /esbuild-linux-32/0.15.10:
    resolution: {integrity: sha512-guXrwSYFAvNkuQ39FNeV4sNkNms1bLlA5vF1H0cazZBOLdLFIny6BhT+TUbK/hdByMQhtWQ5jI9VAmPKbVPu1w==}
    engines: {node: '>=12'}
    cpu: [ia32]
    os: [linux]
    requiresBuild: true
    dev: true
    optional: true

  /esbuild-linux-64/0.15.10:
    resolution: {integrity: sha512-jd8XfaSJeucMpD63YNMO1JCrdJhckHWcMv6O233bL4l6ogQKQOxBYSRP/XLWP+6kVTu0obXovuckJDcA0DKtQA==}
    engines: {node: '>=12'}
    cpu: [x64]
    os: [linux]
    requiresBuild: true
    dev: true
    optional: true

  /esbuild-linux-arm/0.15.10:
    resolution: {integrity: sha512-6N8vThLL/Lysy9y4Ex8XoLQAlbZKUyExCWyayGi2KgTBelKpPgj6RZnUaKri0dHNPGgReJriKVU6+KDGQwn10A==}
    engines: {node: '>=12'}
    cpu: [arm]
    os: [linux]
    requiresBuild: true
    dev: true
    optional: true

  /esbuild-linux-arm64/0.15.10:
    resolution: {integrity: sha512-GByBi4fgkvZFTHFDYNftu1DQ1GzR23jws0oWyCfhnI7eMOe+wgwWrc78dbNk709Ivdr/evefm2PJiUBMiusS1A==}
    engines: {node: '>=12'}
    cpu: [arm64]
    os: [linux]
    requiresBuild: true
    dev: true
    optional: true

  /esbuild-linux-mips64le/0.15.10:
    resolution: {integrity: sha512-BxP+LbaGVGIdQNJUNF7qpYjEGWb0YyHVSKqYKrn+pTwH/SiHUxFyJYSP3pqkku61olQiSBnSmWZ+YUpj78Tw7Q==}
    engines: {node: '>=12'}
    cpu: [mips64el]
    os: [linux]
    requiresBuild: true
    dev: true
    optional: true

  /esbuild-linux-ppc64le/0.15.10:
    resolution: {integrity: sha512-LoSQCd6498PmninNgqd/BR7z3Bsk/mabImBWuQ4wQgmQEeanzWd5BQU2aNi9mBURCLgyheuZS6Xhrw5luw3OkQ==}
    engines: {node: '>=12'}
    cpu: [ppc64]
    os: [linux]
    requiresBuild: true
    dev: true
    optional: true

  /esbuild-linux-riscv64/0.15.10:
    resolution: {integrity: sha512-Lrl9Cr2YROvPV4wmZ1/g48httE8z/5SCiXIyebiB5N8VT7pX3t6meI7TQVHw/wQpqP/AF4SksDuFImPTM7Z32Q==}
    engines: {node: '>=12'}
    cpu: [riscv64]
    os: [linux]
    requiresBuild: true
    dev: true
    optional: true

  /esbuild-linux-s390x/0.15.10:
    resolution: {integrity: sha512-ReP+6q3eLVVP2lpRrvl5EodKX7EZ1bS1/z5j6hsluAlZP5aHhk6ghT6Cq3IANvvDdscMMCB4QEbI+AjtvoOFpA==}
    engines: {node: '>=12'}
    cpu: [s390x]
    os: [linux]
    requiresBuild: true
    dev: true
    optional: true

  /esbuild-netbsd-64/0.15.10:
    resolution: {integrity: sha512-iGDYtJCMCqldMskQ4eIV+QSS/CuT7xyy9i2/FjpKvxAuCzrESZXiA1L64YNj6/afuzfBe9i8m/uDkFHy257hTw==}
    engines: {node: '>=12'}
    cpu: [x64]
    os: [netbsd]
    requiresBuild: true
    dev: true
    optional: true

  /esbuild-openbsd-64/0.15.10:
    resolution: {integrity: sha512-ftMMIwHWrnrYnvuJQRJs/Smlcb28F9ICGde/P3FUTCgDDM0N7WA0o9uOR38f5Xe2/OhNCgkjNeb7QeaE3cyWkQ==}
    engines: {node: '>=12'}
    cpu: [x64]
    os: [openbsd]
    requiresBuild: true
    dev: true
    optional: true

  /esbuild-sunos-64/0.15.10:
    resolution: {integrity: sha512-mf7hBL9Uo2gcy2r3rUFMjVpTaGpFJJE5QTDDqUFf1632FxteYANffDZmKbqX0PfeQ2XjUDE604IcE7OJeoHiyg==}
    engines: {node: '>=12'}
    cpu: [x64]
    os: [sunos]
    requiresBuild: true
    dev: true
    optional: true

  /esbuild-windows-32/0.15.10:
    resolution: {integrity: sha512-ttFVo+Cg8b5+qHmZHbEc8Vl17kCleHhLzgT8X04y8zudEApo0PxPg9Mz8Z2cKH1bCYlve1XL8LkyXGFjtUYeGg==}
    engines: {node: '>=12'}
    cpu: [ia32]
    os: [win32]
    requiresBuild: true
    dev: true
    optional: true

  /esbuild-windows-64/0.15.10:
    resolution: {integrity: sha512-2H0gdsyHi5x+8lbng3hLbxDWR7mKHWh5BXZGKVG830KUmXOOWFE2YKJ4tHRkejRduOGDrBvHBriYsGtmTv3ntA==}
    engines: {node: '>=12'}
    cpu: [x64]
    os: [win32]
    requiresBuild: true
    dev: true
    optional: true

  /esbuild-windows-arm64/0.15.10:
    resolution: {integrity: sha512-S+th4F+F8VLsHLR0zrUcG+Et4hx0RKgK1eyHc08kztmLOES8BWwMiaGdoW9hiXuzznXQ0I/Fg904MNbr11Nktw==}
    engines: {node: '>=12'}
    cpu: [arm64]
    os: [win32]
    requiresBuild: true
    dev: true
    optional: true

  /esbuild/0.15.10:
    resolution: {integrity: sha512-N7wBhfJ/E5fzn/SpNgX+oW2RLRjwaL8Y0ezqNqhjD6w0H2p0rDuEz2FKZqpqLnO8DCaWumKe8dsC/ljvVSSxng==}
    engines: {node: '>=12'}
    hasBin: true
    requiresBuild: true
    optionalDependencies:
      '@esbuild/android-arm': 0.15.10
      '@esbuild/linux-loong64': 0.15.10
      esbuild-android-64: 0.15.10
      esbuild-android-arm64: 0.15.10
      esbuild-darwin-64: 0.15.10
      esbuild-darwin-arm64: 0.15.10
      esbuild-freebsd-64: 0.15.10
      esbuild-freebsd-arm64: 0.15.10
      esbuild-linux-32: 0.15.10
      esbuild-linux-64: 0.15.10
      esbuild-linux-arm: 0.15.10
      esbuild-linux-arm64: 0.15.10
      esbuild-linux-mips64le: 0.15.10
      esbuild-linux-ppc64le: 0.15.10
      esbuild-linux-riscv64: 0.15.10
      esbuild-linux-s390x: 0.15.10
      esbuild-netbsd-64: 0.15.10
      esbuild-openbsd-64: 0.15.10
      esbuild-sunos-64: 0.15.10
      esbuild-windows-32: 0.15.10
      esbuild-windows-64: 0.15.10
      esbuild-windows-arm64: 0.15.10
    dev: true

  /escape-html/1.0.3:
    resolution: {integrity: sha512-NiSupZ4OeuGwr68lGIeym/ksIZMJodUGOSCZ/FSnTxcrekbvqrgdUxlJOMpijaKZVjAJrWrGs/6Jy8OMuyj9ow==}
    dev: false

  /estree-walker/2.0.2:
    resolution: {integrity: sha512-Rfkk/Mp/DL7JVje3u18FxFujQlTNR2q6QfMSMB7AvCBx91NGj/ba3kCfza0f6dVDbw7YlRf/nDrn7pQrCCyQ/w==}

  /fill-range/7.0.1:
    resolution: {integrity: sha512-qOo9F+dMUmC2Lcb4BbVvnKJxTPjCm+RRpe4gDuGrzkL7mEVl/djYSu2OdQ2Pa302N4oqkSg9ir6jaLWJ2USVpQ==}
    engines: {node: '>=8'}
    dependencies:
      to-regex-range: 5.0.1

  /fsevents/2.3.2:
    resolution: {integrity: sha512-xiqMQR4xAeHTuB9uWm+fFRcIOgKBMiOBP+eXiyT7jsgVCq1bkVygt00oASowB7EdtpOHaaPgKt812P9ab+DDKA==}
    engines: {node: ^8.16.0 || ^10.6.0 || >=11.0.0}
    os: [darwin]
    requiresBuild: true
    optional: true

  /function-bind/1.1.1:
    resolution: {integrity: sha512-yIovAzMX49sF8Yl58fSCWJ5svSLuaibPxXQJFLmBObTuCr0Mf1KiPopGM9NiFjiYBCbfaa2Fh6breQ6ANVTI0A==}
    dev: true

  /glob-parent/5.1.2:
    resolution: {integrity: sha512-AOIgSQCepiJYwP3ARnGx+5VnTu2HBYdzbGP45eLw1vr3zB3vZLeyed1sC9hnbcOc9/SrMyM5RPQrkGz4aS9Zow==}
    engines: {node: '>= 6'}
    dependencies:
      is-glob: 4.0.3

  /has/1.0.3:
    resolution: {integrity: sha512-f2dvO0VU6Oej7RkWJGrehjbzMAjFp5/VKPp5tTpWIV4JHHZK1/BxbFRtf/siA2SWTe09caDmVtYYzWEIbBS4zw==}
    engines: {node: '>= 0.4.0'}
    dependencies:
      function-bind: 1.1.1
    dev: true

  /immutable/4.1.0:
    resolution: {integrity: sha512-oNkuqVTA8jqG1Q6c+UglTOD1xhC1BtjKI7XkCXRkZHrN5m18/XsnUp8Q89GkQO/z+0WjonSvl0FLhDYftp46nQ==}

  /is-binary-path/2.1.0:
    resolution: {integrity: sha512-ZMERYes6pDydyuGidse7OsHxtbI7WVeUEozgR/g7rd0xUimYNlvZRE/K2MgZTjWy725IfelLeVcEM97mmtRGXw==}
    engines: {node: '>=8'}
    dependencies:
      binary-extensions: 2.2.0

  /is-core-module/2.10.0:
    resolution: {integrity: sha512-Erxj2n/LDAZ7H8WNJXd9tw38GYM3dv8rk8Zcs+jJuxYTW7sozH+SS8NtrSjVL1/vpLvWi1hxy96IzjJ3EHTJJg==}
    dependencies:
      has: 1.0.3
    dev: true

  /is-extglob/2.1.1:
    resolution: {integrity: sha512-SbKbANkN603Vi4jEZv49LeVJMn4yGwsbzZworEoyEiutsN3nJYdbO36zfhGJ6QEDpOZIFkDtnq5JRxmvl3jsoQ==}
    engines: {node: '>=0.10.0'}

  /is-glob/4.0.3:
    resolution: {integrity: sha512-xelSayHH36ZgE7ZWhli7pW34hNbNl8Ojv5KVmkJD4hBdD3th8Tfk9vYasLM+mXWOZhFkgZfxhLSnrwRr4elSSg==}
    engines: {node: '>=0.10.0'}
    dependencies:
      is-extglob: 2.1.1

  /is-number/7.0.0:
    resolution: {integrity: sha512-41Cifkg6e8TylSpdtTpeLVMqvSBEVzTttHvERD741+pnZ8ANv0004MRL43QKPDlK9cGvNp6NZWZUBlbGXYxxng==}
    engines: {node: '>=0.12.0'}

  /lodash-es/4.17.21:
    resolution: {integrity: sha512-mKnC+QJ9pWVzv+C4/U3rRsHapFfHvQFoFB92e52xeyGMcX6/OlIl78je1u8vePzYZSkkogMPJ2yjxxsb89cxyw==}
    dev: false

  /lodash-unified/1.0.2_3ib2ivapxullxkx3xftsimdk7u:
    resolution: {integrity: sha512-OGbEy+1P+UT26CYi4opY4gebD8cWRDxAT6MAObIVQMiqYdxZr1g3QHWCToVsm31x2NkLS4K3+MC2qInaRMa39g==}
    peerDependencies:
      '@types/lodash-es': '*'
      lodash: '*'
      lodash-es: '*'
    dependencies:
      '@types/lodash-es': 4.17.6
      lodash: 4.17.21
      lodash-es: 4.17.21
    dev: false

  /lodash/4.17.21:
    resolution: {integrity: sha512-v2kDEe57lecTulaDIuNTPy3Ry4gLGJ6Z1O3vE1krgXZNrsQ+LFTGHVxVjcXPs17LhbZVGedAJv8XZ1tvj5FvSg==}
    dev: false

  /magic-string/0.25.9:
    resolution: {integrity: sha512-RmF0AsMzgt25qzqqLc1+MbHmhdx0ojF2Fvs4XnOqz2ZOBXzzkEwc/dJQZCYHAn7v1jbVOjAZfK8msRn4BxO4VQ==}
    dependencies:
      sourcemap-codec: 1.4.8

  /memoize-one/6.0.0:
    resolution: {integrity: sha512-rkpe71W0N0c0Xz6QD0eJETuWAJGnJ9afsl1srmwPrI+yBCkge5EycXXbYRyvL29zZVUWQCY7InPRCv3GDXuZNw==}
    dev: false

  /ms/2.1.2:
    resolution: {integrity: sha512-sGkPx+VjMtmA6MX27oA4FBFELFCZZ4S4XqeGOXCv68tT+jb3vk/RyaKWP0PTKyWtmLSM0b+adUTEvbs1PEaH2w==}
    dev: false

  /nanoid/3.3.4:
    resolution: {integrity: sha512-MqBkQh/OHTS2egovRtLk45wEyNXwF+cokD+1YPf9u5VfJiRdAiRwB2froX5Co9Rh20xs4siNPm8naNotSD6RBw==}
    engines: {node: ^10 || ^12 || ^13.7 || ^14 || >=15.0.1}
    hasBin: true

  /normalize-path/3.0.0:
    resolution: {integrity: sha512-6eZs5Ls3WtCisHWp9S2GUy8dqkpGi4BVSz3GaqiE6ezub0512ESztXUwUB6C6IKbQkY2Pnb/mD4WYojCRwcwLA==}
    engines: {node: '>=0.10.0'}

  /normalize-wheel-es/1.2.0:
    resolution: {integrity: sha512-Wj7+EJQ8mSuXr2iWfnujrimU35R2W4FAErEyTmJoJ7ucwTn2hOUSsRehMb5RSYkxXGTM7Y9QpvPmp++w5ftoJw==}
    dev: false

  /path-parse/1.0.7:
    resolution: {integrity: sha512-LDJzPVEEEPR+y48z93A0Ed0yXb8pAByGWo/k5YYdYgpY2/2EsOsksJrq7lOHxryrVOn1ejG6oAp8ahvOIQD8sw==}
    dev: true

  /picocolors/1.0.0:
    resolution: {integrity: sha512-1fygroTLlHu66zi26VoTDv8yRgm0Fccecssto+MhsZ0D/DGW2sm8E8AjW7NU5VVTRt5GxbeZ5qBuJr+HyLYkjQ==}

  /picomatch/2.3.1:
    resolution: {integrity: sha512-JU3teHTNjmE2VCGFzuY8EXzCDVwEqB2a8fsIvwaStHhAWJEeVd1o1QD80CU6+ZdEXXSLbSsuLwJjkCBWqRQUVA==}
    engines: {node: '>=8.6'}

  /postcss/8.4.18:
    resolution: {integrity: sha512-Wi8mWhncLJm11GATDaQKobXSNEYGUHeQLiQqDFG1qQ5UTDPTEvKw0Xt5NsTpktGTwLps3ByrWsBrG0rB8YQ9oA==}
    engines: {node: ^10 || ^12 || >=14}
    dependencies:
      nanoid: 3.3.4
      picocolors: 1.0.0
      source-map-js: 1.0.2

  /readdirp/3.6.0:
    resolution: {integrity: sha512-hOS089on8RduqdbhvQ5Z37A0ESjsqz6qnRcffsMU3495FuTdqSm+7bhJ29JvIOsBDEEnan5DPu9t3To9VRlMzA==}
    engines: {node: '>=8.10.0'}
    dependencies:
      picomatch: 2.3.1

  /resolve/1.22.1:
    resolution: {integrity: sha512-nBpuuYuY5jFsli/JIs1oldw6fOQCBioohqWZg/2hiaOybXOft4lonv85uDOKXdf8rhyK159cxU5cDcK/NKk8zw==}
    hasBin: true
    dependencies:
      is-core-module: 2.10.0
      path-parse: 1.0.7
      supports-preserve-symlinks-flag: 1.0.0
    dev: true

  /rollup/2.78.1:
    resolution: {integrity: sha512-VeeCgtGi4P+o9hIg+xz4qQpRl6R401LWEXBmxYKOV4zlF82lyhgh2hTZnheFUbANE8l2A41F458iwj2vEYaXJg==}
    engines: {node: '>=10.0.0'}
    hasBin: true
    optionalDependencies:
      fsevents: 2.3.2
    dev: true

  /sass/1.55.0:
    resolution: {integrity: sha512-Pk+PMy7OGLs9WaxZGJMn7S96dvlyVBwwtToX895WmCpAOr5YiJYEUJfiJidMuKb613z2xNWcXCHEuOvjZbqC6A==}
    engines: {node: '>=12.0.0'}
    hasBin: true
    dependencies:
      chokidar: 3.5.3
      immutable: 4.1.0
      source-map-js: 1.0.2

  /socket.io-client/4.5.2:
    resolution: {integrity: sha512-naqYfFu7CLDiQ1B7AlLhRXKX3gdeaIMfgigwavDzgJoIUYulc1qHH5+2XflTsXTPY7BlPH5rppJyUjhjrKQKLg==}
    engines: {node: '>=10.0.0'}
    dependencies:
      '@socket.io/component-emitter': 3.1.0
      debug: 4.3.4
      engine.io-client: 6.2.3
      socket.io-parser: 4.2.1
    transitivePeerDependencies:
      - bufferutil
      - supports-color
      - utf-8-validate
    dev: false

  /socket.io-parser/4.2.1:
    resolution: {integrity: sha512-V4GrkLy+HeF1F/en3SpUaM+7XxYXpuMUWLGde1kSSh5nQMN4hLrbPIkD+otwh6q9R6NOQBN4AMaOZ2zVjui82g==}
    engines: {node: '>=10.0.0'}
    dependencies:
      '@socket.io/component-emitter': 3.1.0
      debug: 4.3.4
    transitivePeerDependencies:
      - supports-color
    dev: false

  /source-map-js/1.0.2:
    resolution: {integrity: sha512-R0XvVJ9WusLiqTCEiGCmICCMplcCkIwwR11mOSD9CR5u+IXYdiseeEuXCVAjS54zqwkLcPNnmU4OeJ6tUrWhDw==}
    engines: {node: '>=0.10.0'}

  /source-map/0.6.1:
    resolution: {integrity: sha512-UjgapumWlbMhkBgzT7Ykc5YXUT46F0iKu8SGXq0bcwP5dz/h0Plj6enJqjz1Zbq2l5WaqYnrVbwWOWMyF3F47g==}
    engines: {node: '>=0.10.0'}

  /sourcemap-codec/1.4.8:
    resolution: {integrity: sha512-9NykojV5Uih4lgo5So5dtw+f0JgJX30KCNI8gwhz2J9A15wD0Ml6tjHKwf6fTSa6fAdVBdZeNOs9eJ71qCk8vA==}

  /supports-preserve-symlinks-flag/1.0.0:
    resolution: {integrity: sha512-ot0WnXS9fgdkgIcePe6RHNk1WA8+muPa6cSjeR3V8K27q9BB1rTE3R1p7Hv0z1ZyAc8s6Vvv8DIyWf681MAt0w==}
    engines: {node: '>= 0.4'}
    dev: true

  /to-fast-properties/2.0.0:
    resolution: {integrity: sha512-/OaKK0xYrs3DmxRYqL/yDc+FxFUVYhDlXMhRmv3z915w2HF1tnN1omB354j8VUGO/hbRzyD6Y3sA7v7GS/ceog==}
    engines: {node: '>=4'}

  /to-regex-range/5.0.1:
    resolution: {integrity: sha512-65P7iz6X5yEr1cwcgvQxbbIw7Uk3gOy5dIdtZ4rDveLqhrdJP+Li/Hx6tyK0NEb+2GCyneCMJiGqrADCSNk8sQ==}
    engines: {node: '>=8.0'}
    dependencies:
      is-number: 7.0.0

  /vite/3.1.8_sass@1.55.0:
    resolution: {integrity: sha512-m7jJe3nufUbuOfotkntGFupinL/fmuTNuQmiVE7cH2IZMuf4UbfbGYMUT3jVWgGYuRVLY9j8NnrRqgw5rr5QTg==}
    engines: {node: ^14.18.0 || >=16.0.0}
    hasBin: true
    peerDependencies:
      less: '*'
      sass: '*'
      stylus: '*'
      terser: ^5.4.0
    peerDependenciesMeta:
      less:
        optional: true
      sass:
        optional: true
      stylus:
        optional: true
      terser:
        optional: true
    dependencies:
      esbuild: 0.15.10
      postcss: 8.4.18
      resolve: 1.22.1
      rollup: 2.78.1
      sass: 1.55.0
    optionalDependencies:
      fsevents: 2.3.2
    dev: true

  /vue-demi/0.13.11_vue@3.2.41:
    resolution: {integrity: sha512-IR8HoEEGM65YY3ZJYAjMlKygDQn25D5ajNFNoKh9RSDMQtlzCxtfQjdQgv9jjK+m3377SsJXY8ysq8kLCZL25A==}
    engines: {node: '>=12'}
    hasBin: true
    requiresBuild: true
    peerDependencies:
      '@vue/composition-api': ^1.0.0-rc.1
      vue: ^3.0.0-0 || ^2.6.0
    peerDependenciesMeta:
      '@vue/composition-api':
        optional: true
    dependencies:
      vue: 3.2.41
    dev: false

  /vue/3.2.41:
    resolution: {integrity: sha512-uuuvnrDXEeZ9VUPljgHkqB5IaVO8SxhPpqF2eWOukVrBnRBx2THPSGQBnVRt0GrIG1gvCmFXMGbd7FqcT1ixNQ==}
    dependencies:
      '@vue/compiler-dom': 3.2.41
      '@vue/compiler-sfc': 3.2.41
      '@vue/runtime-dom': 3.2.41
      '@vue/server-renderer': 3.2.41_vue@3.2.41
      '@vue/shared': 3.2.41

  /ws/8.2.3:
    resolution: {integrity: sha512-wBuoj1BDpC6ZQ1B7DWQBYVLphPWkm8i9Y0/3YdHjHKHiohOJ1ws+3OccDWtH+PoC9DZD5WOTrJvNbWvjS6JWaA==}
    engines: {node: '>=10.0.0'}
    peerDependencies:
      bufferutil: ^4.0.1
      utf-8-validate: ^5.0.2
    peerDependenciesMeta:
      bufferutil:
        optional: true
      utf-8-validate:
        optional: true
    dev: false

  /xmlhttprequest-ssl/2.0.0:
    resolution: {integrity: sha512-QKxVRxiRACQcVuQEYFsI1hhkrMlrXHPegbbd1yn9UHOmRxY+si12nQYzri3vbzt8VdTTRviqcKxcyllFas5z2A==}
    engines: {node: '>=0.4.0'}
    dev: false
